
Microsoft Visual Studio Solution File, Format Version 12.00
# Visual Studio Version 16
VisualStudioVersion = 16.0.29318.209
MinimumVisualStudioVersion = 10.0.40219.1
Project("{FAE04EC0-301F-11D3-BF4B-00C04F79EFBC}") = "SnakeGame", "SnakeGame.csproj", "{5AED0D04-1C43-4DF3-8823-2CF7B6F0C431}"
EndProject
Global
	GlobalSection(SolutionConfigurationPlatforms) = preSolution
		Debug|Any CPU = Debug|Any CPU
		Release|Any CPU = Release|Any CPU
	EndGlobalSection
	GlobalSection(ProjectConfigurationPlatforms) = postSolution
		{5AED0D04-1C43-4DF3-8823-2CF7B6F0C431}.Debug|Any CPU.ActiveCfg = Debug|Any CPU
		{5AED0D04-1C43-4DF3-8823-2CF7B6F0C431}.Debug|Any CPU.Build.0 = Debug|Any CPU
		{5AED0D04-1C43-4DF3-8823-2CF7B6F0C431}.Release|Any CPU.ActiveCfg = Release|Any CPU
		{5AED0D04-1C43-4DF3-8823-2CF7B6F0C431}.Release|Any CPU.Build.0 = Release|Any CPU
	EndGlobalSection
	GlobalSection(SolutionProperties) = preSolution
		HideSolutionNode = FALSE
	EndGlobalSection
	GlobalSection(ExtensibilityGlobals) = postSolution
		SolutionGuid = {F1D9D9A3-A8A3-4880-8DA7-A6FA63E238D4}
	EndGlobalSection
EndGlobal
